
Microsoft Visual Studio Solution File, Format Version 12.00
# Visual Studio Version 16
VisualStudioVersion = 16.0.33927.289
MinimumVisualStudioVersion = 10.0.40219.1
Project("{2150E333-8FDC-42A3-9474-1A3956D46DE8}") = "Task0", "Task0", "{3842247F-0063-4752-B399-DCC070045E92}"
EndProject
Project("{FAE04EC0-301F-11D3-BF4B-00C04F79EFBC}") = "tyuiu.butakovIK.sprint0.task0.v0", "tyuiu.butakovIK.sprint0.task0.v0\tyuiu.butakovIK.sprint0.task0.v0.csproj", "{57A7398B-64D3-464F-ACA2-713D18A8FB98}"
EndProject
Project("{2150E333-8FDC-42A3-9474-1A3956D46DE8}") = "Task1", "Task1", "{4D6ACC1B-F4C0-4B4E-BCD8-726CF7D1E001}"
EndProject
Project("{FAE04EC0-301F-11D3-BF4B-00C04F79EFBC}") = "tyuiu.butakovIK.sprint0.task1.v0", "tyuiu.butakovIK.sprint0.task1.v0\tyuiu.butakovIK.sprint0.task1.v0.csproj", "{B08A429A-65C1-4A68-AE11-25443E544AA1}"
EndProject
Project("{2150E333-8FDC-42A3-9474-1A3956D46DE8}") = "Task2", "Task2", "{32F5F299-60C6-462D-979D-0370F6183611}"
EndProject
Project("{FAE04EC0-301F-11D3-BF4B-00C04F79EFBC}") = "tyuiu.butakovIK.sprint0.task2.v0", "tyuiu.butakovIK.sprint0.task2.v0\tyuiu.butakovIK.sprint0.task2.v0.csproj", "{2B077902-B8D9-4878-A2F4-E13601D53705}"
EndProject
Project("{FAE04EC0-301F-11D3-BF4B-00C04F79EFBC}") = "tyuiu.butakovIK.sprint0.task2.v0.lib", "tyuiu.butakovIK.sprint0.task2.v0.lib\tyuiu.butakovIK.sprint0.task2.v0.lib.csproj", "{D9B2EBE4-7D5F-4938-AC58-165CA4749716}"
EndProject
Project("{FAE04EC0-301F-11D3-BF4B-00C04F79EFBC}") = "tyuiu.butakovIK.sprint0.task2.v0.test", "tyuiu.butakovIK.sprint0.task2.v0.test\tyuiu.butakovIK.sprint0.task2.v0.test.csproj", "{70AD7DDC-FE2A-4EA8-A7D8-A59FA2373D4C}"
EndProject
Project("{2150E333-8FDC-42A3-9474-1A3956D46DE8}") = "Task3", "Task3", "{70FDD82D-8185-4619-9206-E4499CA81B0B}"
EndProject
Project("{FAE04EC0-301F-11D3-BF4B-00C04F79EFBC}") = "tyuiu.butakovIK.sprint0.task3.v0", "tyuiu.butakovIK.sprint0.task3.v0\tyuiu.butakovIK.sprint0.task3.v0.csproj", "{EA57241D-FB12-448A-B7D5-0353EE3EB651}"
EndProject
Project("{FAE04EC0-301F-11D3-BF4B-00C04F79EFBC}") = "tyuiu.butakovIK.sprint0.task3.v0.lib", "tyuiu.butakovIK.sprint0.task3.v0.lib\tyuiu.butakovIK.sprint0.task3.v0.lib.csproj", "{36CD8E68-FC07-4863-B711-2BB2AE17BAAC}"
EndProject
Project("{FAE04EC0-301F-11D3-BF4B-00C04F79EFBC}") = "tyuiu.butakovIK.sprint0.task3.v0.test", "tyuiu.butakovIK.sprint0.task3.v0.test\tyuiu.butakovIK.sprint0.task3.v0.test.csproj", "{0DCE0B81-9C53-40F3-BDDB-83A08A17608E}"
EndProject
Project("{2150E333-8FDC-42A3-9474-1A3956D46DE8}") = "Task4", "Task4", "{04C89C61-58AF-437B-A0F6-55EAB57B5867}"
EndProject
Project("{FAE04EC0-301F-11D3-BF4B-00C04F79EFBC}") = "tyuiu.butakovIK.sprint0.task4.v0", "tyuiu.butakovIK.sprint0.task4.v0\tyuiu.butakovIK.sprint0.task4.v0.csproj", "{04728AFB-9A20-4B2A-98A3-A7E90455DC71}"
EndProject
Project("{FAE04EC0-301F-11D3-BF4B-00C04F79EFBC}") = "tyuiu.butakovIK.sprint0.task4.v0.lib", "tyuiu.butakovIK.sprint0.task4.v0.lib\tyuiu.butakovIK.sprint0.task4.v0.lib.csproj", "{67814984-1E44-4063-96E8-0AA68D062000}"
EndProject
Project("{FAE04EC0-301F-11D3-BF4B-00C04F79EFBC}") = "tyuiu.butakovIK.sprint0.task4.v0.test", "tyuiu.butakovIK.sprint0.task4.v0.test\tyuiu.butakovIK.sprint0.task4.v0.test.csproj", "{E9EC04C3-C454-4075-9362-0FEDA23718EA}"
EndProject
Project("{2150E333-8FDC-42A3-9474-1A3956D46DE8}") = "Task5", "Task5", "{12BAFAB1-E117-45FD-AC37-411043CBF7F9}"
EndProject
Project("{FAE04EC0-301F-11D3-BF4B-00C04F79EFBC}") = "tyuiu.butakovIK.sprint0.task5.v0", "tyuiu.butakovIK.sprint0.task5.v0\tyuiu.butakovIK.sprint0.task5.v0.csproj", "{8F419A55-21C2-43B0-B76C-48D3BBECE117}"
EndProject
Project("{FAE04EC0-301F-11D3-BF4B-00C04F79EFBC}") = "tyuiu.butakovIK.sprint0.task5.v0.lib", "tyuiu.butakovIK.sprint0.task5.v0.lib\tyuiu.butakovIK.sprint0.task5.v0.lib.csproj", "{F8663D76-0AB0-4DC7-819E-558A3E1191F7}"
EndProject
Project("{FAE04EC0-301F-11D3-BF4B-00C04F79EFBC}") = "tyuiu.butakovIK.sprint0.task5.v0.test", "tyuiu.butakovIK.sprint0.task5.v0.test\tyuiu.butakovIK.sprint0.task5.v0.test.csproj", "{21E47141-D039-4192-A6DC-7BF0858A9906}"
EndProject
Global
	GlobalSection(SolutionConfigurationPlatforms) = preSolution
		Debug|Any CPU = Debug|Any CPU
		Release|Any CPU = Release|Any CPU
	EndGlobalSection
	GlobalSection(ProjectConfigurationPlatforms) = postSolution
		{57A7398B-64D3-464F-ACA2-713D18A8FB98}.Debug|Any CPU.ActiveCfg = Debug|Any CPU
		{57A7398B-64D3-464F-ACA2-713D18A8FB98}.Debug|Any CPU.Build.0 = Debug|Any CPU
		{57A7398B-64D3-464F-ACA2-713D18A8FB98}.Release|Any CPU.ActiveCfg = Release|Any CPU
		{57A7398B-64D3-464F-ACA2-713D18A8FB98}.Release|Any CPU.Build.0 = Release|Any CPU
		{B08A429A-65C1-4A68-AE11-25443E544AA1}.Debug|Any CPU.ActiveCfg = Debug|Any CPU
		{B08A429A-65C1-4A68-AE11-25443E544AA1}.Debug|Any CPU.Build.0 = Debug|Any CPU
		{B08A429A-65C1-4A68-AE11-25443E544AA1}.Release|Any CPU.ActiveCfg = Release|Any CPU
		{B08A429A-65C1-4A68-AE11-25443E544AA1}.Release|Any CPU.Build.0 = Release|Any CPU
		{2B077902-B8D9-4878-A2F4-E13601D53705}.Debug|Any CPU.ActiveCfg = Debug|Any CPU
		{2B077902-B8D9-4878-A2F4-E13601D53705}.Debug|Any CPU.Build.0 = Debug|Any CPU
		{2B077902-B8D9-4878-A2F4-E13601D53705}.Release|Any CPU.ActiveCfg = Release|Any CPU
		{2B077902-B8D9-4878-A2F4-E13601D53705}.Release|Any CPU.Build.0 = Release|Any CPU
		{D9B2EBE4-7D5F-4938-AC58-165CA4749716}.Debug|Any CPU.ActiveCfg = Debug|Any CPU
		{D9B2EBE4-7D5F-4938-AC58-165CA4749716}.Debug|Any CPU.Build.0 = Debug|Any CPU
		{D9B2EBE4-7D5F-4938-AC58-165CA4749716}.Release|Any CPU.ActiveCfg = Release|Any CPU
		{D9B2EBE4-7D5F-4938-AC58-165CA4749716}.Release|Any CPU.Build.0 = Release|Any CPU
		{70AD7DDC-FE2A-4EA8-A7D8-A59FA2373D4C}.Debug|Any CPU.ActiveCfg = Debug|Any CPU
		{70AD7DDC-FE2A-4EA8-A7D8-A59FA2373D4C}.Debug|Any CPU.Build.0 = Debug|Any CPU
		{70AD7DDC-FE2A-4EA8-A7D8-A59FA2373D4C}.Release|Any CPU.ActiveCfg = Release|Any CPU
		{70AD7DDC-FE2A-4EA8-A7D8-A59FA2373D4C}.Release|Any CPU.Build.0 = Release|Any CPU
		{EA57241D-FB12-448A-B7D5-0353EE3EB651}.Debug|Any CPU.ActiveCfg = Debug|Any CPU
		{EA57241D-FB12-448A-B7D5-0353EE3EB651}.Debug|Any CPU.Build.0 = Debug|Any CPU
		{EA57241D-FB12-448A-B7D5-0353EE3EB651}.Release|Any CPU.ActiveCfg = Release|Any CPU
		{EA57241D-FB12-448A-B7D5-0353EE3EB651}.Release|Any CPU.Build.0 = Release|Any CPU
		{36CD8E68-FC07-4863-B711-2BB2AE17BAAC}.Debug|Any CPU.ActiveCfg = Debug|Any CPU
		{36CD8E68-FC07-4863-B711-2BB2AE17BAAC}.Debug|Any CPU.Build.0 = Debug|Any CPU
		{36CD8E68-FC07-4863-B711-2BB2AE17BAAC}.Release|Any CPU.ActiveCfg = Release|Any CPU
		{36CD8E68-FC07-4863-B711-2BB2AE17BAAC}.Release|Any CPU.Build.0 = Release|Any CPU
		{0DCE0B81-9C53-40F3-BDDB-83A08A17608E}.Debug|Any CPU.ActiveCfg = Debug|Any CPU
		{0DCE0B81-9C53-40F3-BDDB-83A08A17608E}.Debug|Any CPU.Build.0 = Debug|Any CPU
		{0DCE0B81-9C53-40F3-BDDB-83A08A17608E}.Release|Any CPU.ActiveCfg = Release|Any CPU
		{0DCE0B81-9C53-40F3-BDDB-83A08A17608E}.Release|Any CPU.Build.0 = Release|Any CPU
		{04728AFB-9A20-4B2A-98A3-A7E90455DC71}.Debug|Any CPU.ActiveCfg = Debug|Any CPU
		{04728AFB-9A20-4B2A-98A3-A7E90455DC71}.Debug|Any CPU.Build.0 = Debug|Any CPU
		{04728AFB-9A20-4B2A-98A3-A7E90455DC71}.Release|Any CPU.ActiveCfg = Release|Any CPU
		{04728AFB-9A20-4B2A-98A3-A7E90455DC71}.Release|Any CPU.Build.0 = Release|Any CPU
		{67814984-1E44-4063-96E8-0AA68D062000}.Debug|Any CPU.ActiveCfg = Debug|Any CPU
		{67814984-1E44-4063-96E8-0AA68D062000}.Debug|Any CPU.Build.0 = Debug|Any CPU
		{67814984-1E44-4063-96E8-0AA68D062000}.Release|Any CPU.ActiveCfg = Release|Any CPU
		{67814984-1E44-4063-96E8-0AA68D062000}.Release|Any CPU.Build.0 = Release|Any CPU
		{E9EC04C3-C454-4075-9362-0FEDA23718EA}.Debug|Any CPU.ActiveCfg = Debug|Any CPU
		{E9EC04C3-C454-4075-9362-0FEDA23718EA}.Debug|Any CPU.Build.0 = Debug|Any CPU
		{E9EC04C3-C454-4075-9362-0FEDA23718EA}.Release|Any CPU.ActiveCfg = Release|Any CPU
		{E9EC04C3-C454-4075-9362-0FEDA23718EA}.Release|Any CPU.Build.0 = Release|Any CPU
		{8F419A55-21C2-43B0-B76C-48D3BBECE117}.Debug|Any CPU.ActiveCfg = Debug|Any CPU
		{8F419A55-21C2-43B0-B76C-48D3BBECE117}.Debug|Any CPU.Build.0 = Debug|Any CPU
		{8F419A55-21C2-43B0-B76C-48D3BBECE117}.Release|Any CPU.ActiveCfg = Release|Any CPU
		{8F419A55-21C2-43B0-B76C-48D3BBECE117}.Release|Any CPU.Build.0 = Release|Any CPU
		{F8663D76-0AB0-4DC7-819E-558A3E1191F7}.Debug|Any CPU.ActiveCfg = Debug|Any CPU
		{F8663D76-0AB0-4DC7-819E-558A3E1191F7}.Debug|Any CPU.Build.0 = Debug|Any CPU
		{F8663D76-0AB0-4DC7-819E-558A3E1191F7}.Release|Any CPU.ActiveCfg = Release|Any CPU
		{F8663D76-0AB0-4DC7-819E-558A3E1191F7}.Release|Any CPU.Build.0 = Release|Any CPU
		{21E47141-D039-4192-A6DC-7BF0858A9906}.Debug|Any CPU.ActiveCfg = Debug|Any CPU
		{21E47141-D039-4192-A6DC-7BF0858A9906}.Debug|Any CPU.Build.0 = Debug|Any CPU
		{21E47141-D039-4192-A6DC-7BF0858A9906}.Release|Any CPU.ActiveCfg = Release|Any CPU
		{21E47141-D039-4192-A6DC-7BF0858A9906}.Release|Any CPU.Build.0 = Release|Any CPU
	EndGlobalSection
	GlobalSection(SolutionProperties) = preSolution
		HideSolutionNode = FALSE
	EndGlobalSection
	GlobalSection(NestedProjects) = preSolution
		{57A7398B-64D3-464F-ACA2-713D18A8FB98} = {3842247F-0063-4752-B399-DCC070045E92}
		{B08A429A-65C1-4A68-AE11-25443E544AA1} = {4D6ACC1B-F4C0-4B4E-BCD8-726CF7D1E001}
		{2B077902-B8D9-4878-A2F4-E13601D53705} = {32F5F299-60C6-462D-979D-0370F6183611}
		{D9B2EBE4-7D5F-4938-AC58-165CA4749716} = {32F5F299-60C6-462D-979D-0370F6183611}
		{70AD7DDC-FE2A-4EA8-A7D8-A59FA2373D4C} = {32F5F299-60C6-462D-979D-0370F6183611}
		{EA57241D-FB12-448A-B7D5-0353EE3EB651} = {70FDD82D-8185-4619-9206-E4499CA81B0B}
		{36CD8E68-FC07-4863-B711-2BB2AE17BAAC} = {70FDD82D-8185-4619-9206-E4499CA81B0B}
		{0DCE0B81-9C53-40F3-BDDB-83A08A17608E} = {70FDD82D-8185-4619-9206-E4499CA81B0B}
		{04728AFB-9A20-4B2A-98A3-A7E90455DC71} = {04C89C61-58AF-437B-A0F6-55EAB57B5867}
		{67814984-1E44-4063-96E8-0AA68D062000} = {04C89C61-58AF-437B-A0F6-55EAB57B5867}
		{E9EC04C3-C454-4075-9362-0FEDA23718EA} = {04C89C61-58AF-437B-A0F6-55EAB57B5867}
		{8F419A55-21C2-43B0-B76C-48D3BBECE117} = {12BAFAB1-E117-45FD-AC37-411043CBF7F9}
		{F8663D76-0AB0-4DC7-819E-558A3E1191F7} = {12BAFAB1-E117-45FD-AC37-411043CBF7F9}
		{21E47141-D039-4192-A6DC-7BF0858A9906} = {12BAFAB1-E117-45FD-AC37-411043CBF7F9}
	EndGlobalSection
	GlobalSection(ExtensibilityGlobals) = postSolution
		SolutionGuid = {C93105F4-1D11-443D-99DE-BC07E1E4A9E2}
	EndGlobalSection
EndGlobal
